
Microsoft Visual Studio Solution File, Format Version 12.00
# Visual Studio 15
Project("{FAE04EC0-301F-11D3-BF4B-00C04F79EFBC}") = "Assembly-CSharp", "Assembly-CSharp.csproj", "{DA19E020-1C90-65DA-672E-246668F4FC20}"
EndProject
Project("{FAE04EC0-301F-11D3-BF4B-00C04F79EFBC}") = "UltimateProceduralPrimitivesFREE", "UltimateProceduralPrimitivesFREE.csproj", "{8D2FF963-746A-C4E4-30EA-44252E584377}"
EndProject
Global
	GlobalSection(SolutionConfigurationPlatforms) = preSolution
		Debug|Any CPU = Debug|Any CPU
		Release|Any CPU = Release|Any CPU
	EndGlobalSection
	GlobalSection(ProjectConfigurationPlatforms) = postSolution
		{DA19E020-1C90-65DA-672E-246668F4FC20}.Debug|Any CPU.ActiveCfg = Debug|Any CPU
		{DA19E020-1C90-65DA-672E-246668F4FC20}.Debug|Any CPU.Build.0 = Debug|Any CPU
		{DA19E020-1C90-65DA-672E-246668F4FC20}.Release|Any CPU.ActiveCfg = Release|Any CPU
		{DA19E020-1C90-65DA-672E-246668F4FC20}.Release|Any CPU.Build.0 = Release|Any CPU
		{8D2FF963-746A-C4E4-30EA-44252E584377}.Debug|Any CPU.ActiveCfg = Debug|Any CPU
		{8D2FF963-746A-C4E4-30EA-44252E584377}.Debug|Any CPU.Build.0 = Debug|Any CPU
		{8D2FF963-746A-C4E4-30EA-44252E584377}.Release|Any CPU.ActiveCfg = Release|Any CPU
		{8D2FF963-746A-C4E4-30EA-44252E584377}.Release|Any CPU.Build.0 = Release|Any CPU
	EndGlobalSection
	GlobalSection(SolutionProperties) = preSolution
		HideSolutionNode = FALSE
	EndGlobalSection
EndGlobal
